PODS:
  - Flutter (1.0.0)
  - integration_test (0.0.1):
    - Flutter
  - notification_when_app_is_killed (0.0.1):
    - Flutter
  - permission_handler_apple (9.1.1):
    - Flutter

DEPENDENCIES:
  - Flutter (from `Flutter`)
  - integration_test (from `.symlinks/plugins/integration_test/ios`)
  - notification_when_app_is_killed (from `.symlinks/plugins/notification_when_app_is_killed/ios`)
  - permission_handler_apple (from `.symlinks/plugins/permission_handler_apple/ios`)

EXTERNAL SOURCES:
  Flutter:
    :path: Flutter
  integration_test:
    :path: ".symlinks/plugins/integration_test/ios"
  notification_when_app_is_killed:
    :path: ".symlinks/plugins/notification_when_app_is_killed/ios"
  permission_handler_apple:
    :path: ".symlinks/plugins/permission_handler_apple/ios"

SPEC CHECKSUMS:
  Flutter: f04841e97a9d0b0a8025694d0796dd46242b2854
  integration_test: 13825b8a9334a850581300559b8839134b124670
  notification_when_app_is_killed: 8a0eb9075cced52e07b0e7c0744f46c953c5b9fd
  permission_handler_apple: e76247795d700c14ea09e3a2d8855d41ee80a2e6

PODFILE CHECKSUM: 9e47d423d288df7dc3730be3d65cbcdf432b1181

COCOAPODS: 1.12.1
